
Microsoft Visual Studio Solution File, Format Version 12.00
# Visual Studio Version 17
VisualStudioVersion = 17.13.35931.197 d17.13
MinimumVisualStudioVersion = 10.0.40219.1
Project("{FAE04EC0-301F-11D3-BF4B-00C04F79EFBC}") = "Avalonia_Admin_Interface", "Avalonia_Admin_Interface.csproj", "{E4365438-B666-474C-AF8C-731F446BF9FD}"
EndProject
Global
	GlobalSection(SolutionConfigurationPlatforms) = preSolution
		Debug|Any CPU = Debug|Any CPU
		Release|Any CPU = Release|Any CPU
	EndGlobalSection
	GlobalSection(ProjectConfigurationPlatforms) = postSolution
		{E4365438-B666-474C-AF8C-731F446BF9FD}.Debug|Any CPU.ActiveCfg = Debug|Any CPU
		{E4365438-B666-474C-AF8C-731F446BF9FD}.Debug|Any CPU.Build.0 = Debug|Any CPU
		{E4365438-B666-474C-AF8C-731F446BF9FD}.Release|Any CPU.ActiveCfg = Release|Any CPU
		{E4365438-B666-474C-AF8C-731F446BF9FD}.Release|Any CPU.Build.0 = Release|Any CPU
	EndGlobalSection
	GlobalSection(SolutionProperties) = preSolution
		HideSolutionNode = FALSE
	EndGlobalSection
	GlobalSection(ExtensibilityGlobals) = postSolution
		SolutionGuid = {8708C3C5-5BAC-4163-97DD-B26EA599770A}
	EndGlobalSection
EndGlobal
