
Microsoft Visual Studio Solution File, Format Version 12.00
# Visual Studio Version 17
VisualStudioVersion = 17.13.35931.197 d17.13
MinimumVisualStudioVersion = 10.0.40219.1
Project("{FAE04EC0-301F-11D3-BF4B-00C04F79EFBC}") = "AvaloniaAdminInterface", "AvaloniaAdminInterface\AvaloniaAdminInterface.csproj", "{64962BCC-9143-2398-551D-C5FAF331F134}"
EndProject
Project("{FAE04EC0-301F-11D3-BF4B-00C04F79EFBC}") = "AvaloniaAdminInterface.Android", "AvaloniaAdminInterface.Android\AvaloniaAdminInterface.Android.csproj", "{33EC6D3A-83E4-DF48-6C76-84C1B63E75CF}"
EndProject
Project("{FAE04EC0-301F-11D3-BF4B-00C04F79EFBC}") = "AvaloniaAdminInterface.Desktop", "AvaloniaAdminInterface.Desktop\AvaloniaAdminInterface.Desktop.csproj", "{E39B47D3-2F26-1F19-22BF-5ACA319667BA}"
EndProject
Global
	GlobalSection(SolutionConfigurationPlatforms) = preSolution
		Debug|Any CPU = Debug|Any CPU
		Release|Any CPU = Release|Any CPU
	EndGlobalSection
	GlobalSection(ProjectConfigurationPlatforms) = postSolution
		{64962BCC-9143-2398-551D-C5FAF331F134}.Debug|Any CPU.ActiveCfg = Debug|Any CPU
		{64962BCC-9143-2398-551D-C5FAF331F134}.Debug|Any CPU.Build.0 = Debug|Any CPU
		{64962BCC-9143-2398-551D-C5FAF331F134}.Release|Any CPU.ActiveCfg = Release|Any CPU
		{64962BCC-9143-2398-551D-C5FAF331F134}.Release|Any CPU.Build.0 = Release|Any CPU
		{33EC6D3A-83E4-DF48-6C76-84C1B63E75CF}.Debug|Any CPU.ActiveCfg = Debug|Any CPU
		{33EC6D3A-83E4-DF48-6C76-84C1B63E75CF}.Debug|Any CPU.Build.0 = Debug|Any CPU
		{33EC6D3A-83E4-DF48-6C76-84C1B63E75CF}.Debug|Any CPU.Deploy.0 = Debug|Any CPU
		{33EC6D3A-83E4-DF48-6C76-84C1B63E75CF}.Release|Any CPU.ActiveCfg = Release|Any CPU
		{33EC6D3A-83E4-DF48-6C76-84C1B63E75CF}.Release|Any CPU.Build.0 = Release|Any CPU
		{33EC6D3A-83E4-DF48-6C76-84C1B63E75CF}.Release|Any CPU.Deploy.0 = Release|Any CPU
		{E39B47D3-2F26-1F19-22BF-5ACA319667BA}.Debug|Any CPU.ActiveCfg = Debug|Any CPU
		{E39B47D3-2F26-1F19-22BF-5ACA319667BA}.Debug|Any CPU.Build.0 = Debug|Any CPU
		{E39B47D3-2F26-1F19-22BF-5ACA319667BA}.Release|Any CPU.ActiveCfg = Release|Any CPU
		{E39B47D3-2F26-1F19-22BF-5ACA319667BA}.Release|Any CPU.Build.0 = Release|Any CPU
	EndGlobalSection
	GlobalSection(SolutionProperties) = preSolution
		HideSolutionNode = FALSE
	EndGlobalSection
	GlobalSection(ExtensibilityGlobals) = postSolution
		SolutionGuid = {4C6F1621-9F0A-4A0E-8046-15D29132BB6D}
	EndGlobalSection
EndGlobal
